
Microsoft Visual Studio Solution File, Format Version 12.00
# Visual Studio Version 16
VisualStudioVersion = 16.0.31424.327
MinimumVisualStudioVersion = 10.0.40219.1
Project("{9A19103F-16F7-4668-BE54-9A1E7A4F7556}") = "HoliDayRental", "HomeShare\HoliDayRental.csproj", "{8020D524-9DA0-42F3-906F-C726363F865F}"
EndProject
Project("{00D1A9C2-B5F0-4AF3-8072-F6C62B433612}") = "HoliDayRental.DB", "HoliDayRental.DB\HoliDayRental.DB.sqlproj", "{86D984FC-8413-4724-93FC-BAAF7FCC59C4}"
EndProject
Project("{2150E333-8FDC-42A3-9474-1A3956D46DE8}") = "BLL", "BLL", "{C55B8CEC-6A7C-4B77-BA39-11D5080B5088}"
EndProject
Project("{2150E333-8FDC-42A3-9474-1A3956D46DE8}") = "DAL", "DAL", "{954FF131-419F-4CD4-8046-F7885DF15F13}"
EndProject
Project("{9A19103F-16F7-4668-BE54-9A1E7A4F7556}") = "HoliDayRental.DAL", "HoliDayRental\HoliDayRental.DAL.csproj", "{3FF25EEE-E047-43D1-B34B-83F1092CE4D0}"
	ProjectSection(ProjectDependencies) = postProject
		{8020D524-9DA0-42F3-906F-C726363F865F} = {8020D524-9DA0-42F3-906F-C726363F865F}
	EndProjectSection
EndProject
Project("{9A19103F-16F7-4668-BE54-9A1E7A4F7556}") = "HoliDayRental.Common", "HoliDayRental.Common\HoliDayRental.Common.csproj", "{4F3F4690-6625-4903-BA69-0D62587679B1}"
EndProject
Project("{9A19103F-16F7-4668-BE54-9A1E7A4F7556}") = "HoliDayRental.BLL", "HoliDayRental.BLL\HoliDayRental.BLL.csproj", "{86EA0D03-F04B-422D-A252-2143E5B468E0}"
	ProjectSection(ProjectDependencies) = postProject
		{3FF25EEE-E047-43D1-B34B-83F1092CE4D0} = {3FF25EEE-E047-43D1-B34B-83F1092CE4D0}
	EndProjectSection
EndProject
Global
	GlobalSection(SolutionConfigurationPlatforms) = preSolution
		Debug|Any CPU = Debug|Any CPU
		Release|Any CPU = Release|Any CPU
	EndGlobalSection
	GlobalSection(ProjectConfigurationPlatforms) = postSolution
		{8020D524-9DA0-42F3-906F-C726363F865F}.Debug|Any CPU.ActiveCfg = Debug|Any CPU
		{8020D524-9DA0-42F3-906F-C726363F865F}.Debug|Any CPU.Build.0 = Debug|Any CPU
		{8020D524-9DA0-42F3-906F-C726363F865F}.Release|Any CPU.ActiveCfg = Release|Any CPU
		{8020D524-9DA0-42F3-906F-C726363F865F}.Release|Any CPU.Build.0 = Release|Any CPU
		{86D984FC-8413-4724-93FC-BAAF7FCC59C4}.Debug|Any CPU.ActiveCfg = Debug|Any CPU
		{86D984FC-8413-4724-93FC-BAAF7FCC59C4}.Debug|Any CPU.Build.0 = Debug|Any CPU
		{86D984FC-8413-4724-93FC-BAAF7FCC59C4}.Debug|Any CPU.Deploy.0 = Debug|Any CPU
		{86D984FC-8413-4724-93FC-BAAF7FCC59C4}.Release|Any CPU.ActiveCfg = Release|Any CPU
		{86D984FC-8413-4724-93FC-BAAF7FCC59C4}.Release|Any CPU.Build.0 = Release|Any CPU
		{86D984FC-8413-4724-93FC-BAAF7FCC59C4}.Release|Any CPU.Deploy.0 = Release|Any CPU
		{3FF25EEE-E047-43D1-B34B-83F1092CE4D0}.Debug|Any CPU.ActiveCfg = Debug|Any CPU
		{3FF25EEE-E047-43D1-B34B-83F1092CE4D0}.Debug|Any CPU.Build.0 = Debug|Any CPU
		{3FF25EEE-E047-43D1-B34B-83F1092CE4D0}.Release|Any CPU.ActiveCfg = Release|Any CPU
		{3FF25EEE-E047-43D1-B34B-83F1092CE4D0}.Release|Any CPU.Build.0 = Release|Any CPU
		{4F3F4690-6625-4903-BA69-0D62587679B1}.Debug|Any CPU.ActiveCfg = Debug|Any CPU
		{4F3F4690-6625-4903-BA69-0D62587679B1}.Debug|Any CPU.Build.0 = Debug|Any CPU
		{4F3F4690-6625-4903-BA69-0D62587679B1}.Release|Any CPU.ActiveCfg = Release|Any CPU
		{4F3F4690-6625-4903-BA69-0D62587679B1}.Release|Any CPU.Build.0 = Release|Any CPU
		{86EA0D03-F04B-422D-A252-2143E5B468E0}.Debug|Any CPU.ActiveCfg = Debug|Any CPU
		{86EA0D03-F04B-422D-A252-2143E5B468E0}.Debug|Any CPU.Build.0 = Debug|Any CPU
		{86EA0D03-F04B-422D-A252-2143E5B468E0}.Release|Any CPU.ActiveCfg = Release|Any CPU
		{86EA0D03-F04B-422D-A252-2143E5B468E0}.Release|Any CPU.Build.0 = Release|Any CPU
	EndGlobalSection
	GlobalSection(SolutionProperties) = preSolution
		HideSolutionNode = FALSE
	EndGlobalSection
	GlobalSection(NestedProjects) = preSolution
		{3FF25EEE-E047-43D1-B34B-83F1092CE4D0} = {954FF131-419F-4CD4-8046-F7885DF15F13}
		{86EA0D03-F04B-422D-A252-2143E5B468E0} = {C55B8CEC-6A7C-4B77-BA39-11D5080B5088}
	EndGlobalSection
	GlobalSection(ExtensibilityGlobals) = postSolution
		SolutionGuid = {27899870-7CEA-4A05-A2CC-D1884DDA0644}
	EndGlobalSection
EndGlobal
